
Microsoft Visual Studio Solution File, Format Version 12.00
# Visual Studio Version 17
VisualStudioVersion = 17.5.002.0
MinimumVisualStudioVersion = 10.0.40219.1
Project("{9A19103F-16F7-4668-BE54-9A1E7A4F7556}") = "TrappersBR", "TrappersBR\TrappersBR.csproj", "{5169638C-53D9-4C01-AE88-A07C43CBC49C}"
EndProject
Project("{FAE04EC0-301F-11D3-BF4B-00C04F79EFBC}") = "Atividades_Polimorfismo", "Atividades_Polimorfismo\Atividades_Polimorfismo.csproj", "{837810A4-DF80-4053-8525-E655A1E8A8B1}"
EndProject
Global
	GlobalSection(SolutionConfigurationPlatforms) = preSolution
		Debug|Any CPU = Debug|Any CPU
		Release|Any CPU = Release|Any CPU
	EndGlobalSection
	GlobalSection(ProjectConfigurationPlatforms) = postSolution
		{5169638C-53D9-4C01-AE88-A07C43CBC49C}.Debug|Any CPU.ActiveCfg = Debug|Any CPU
		{5169638C-53D9-4C01-AE88-A07C43CBC49C}.Debug|Any CPU.Build.0 = Debug|Any CPU
		{5169638C-53D9-4C01-AE88-A07C43CBC49C}.Release|Any CPU.ActiveCfg = Release|Any CPU
		{5169638C-53D9-4C01-AE88-A07C43CBC49C}.Release|Any CPU.Build.0 = Release|Any CPU
		{837810A4-DF80-4053-8525-E655A1E8A8B1}.Debug|Any CPU.ActiveCfg = Debug|Any CPU
		{837810A4-DF80-4053-8525-E655A1E8A8B1}.Debug|Any CPU.Build.0 = Debug|Any CPU
		{837810A4-DF80-4053-8525-E655A1E8A8B1}.Release|Any CPU.ActiveCfg = Release|Any CPU
		{837810A4-DF80-4053-8525-E655A1E8A8B1}.Release|Any CPU.Build.0 = Release|Any CPU
	EndGlobalSection
	GlobalSection(SolutionProperties) = preSolution
		HideSolutionNode = FALSE
	EndGlobalSection
	GlobalSection(ExtensibilityGlobals) = postSolution
		SolutionGuid = {D02AEC38-1712-4077-9B9D-358DC0CE2B43}
	EndGlobalSection
EndGlobal
